
Microsoft Visual Studio Solution File, Format Version 12.00
# Visual Studio Version 17
VisualStudioVersion = 17.7.34024.191
MinimumVisualStudioVersion = 10.0.40219.1
Project("{FAE04EC0-301F-11D3-BF4B-00C04F79EFBC}") = "ProgLab1", "ProgLab1\ProgLab1.csproj", "{F71C3773-5EC6-4999-B292-235993ECD0A7}"
EndProject
Global
	GlobalSection(SolutionConfigurationPlatforms) = preSolution
		Debug|Any CPU = Debug|Any CPU
		Release|Any CPU = Release|Any CPU
	EndGlobalSection
	GlobalSection(ProjectConfigurationPlatforms) = postSolution
		{F71C3773-5EC6-4999-B292-235993ECD0A7}.Debug|Any CPU.ActiveCfg = Debug|Any CPU
		{F71C3773-5EC6-4999-B292-235993ECD0A7}.Debug|Any CPU.Build.0 = Debug|Any CPU
		{F71C3773-5EC6-4999-B292-235993ECD0A7}.Release|Any CPU.ActiveCfg = Release|Any CPU
		{F71C3773-5EC6-4999-B292-235993ECD0A7}.Release|Any CPU.Build.0 = Release|Any CPU
	EndGlobalSection
	GlobalSection(SolutionProperties) = preSolution
		HideSolutionNode = FALSE
	EndGlobalSection
	GlobalSection(ExtensibilityGlobals) = postSolution
		SolutionGuid = {257C1A80-4F6C-4D2D-8E96-B0252394E747}
	EndGlobalSection
EndGlobal
